
Microsoft Visual Studio Solution File, Format Version 12.00
# Visual Studio Version 17
VisualStudioVersion = 17.10.35122.118
MinimumVisualStudioVersion = 10.0.40219.1
Project("{FAE04EC0-301F-11D3-BF4B-00C04F79EFBC}") = "ChurchServiceCreator", "ChurchServiceCreator.csproj", "{D2823246-38CC-4F98-A8E6-CD8D6586F6F6}"
EndProject
Global
	GlobalSection(SolutionConfigurationPlatforms) = preSolution
		Debug|Any CPU = Debug|Any CPU
		Release|Any CPU = Release|Any CPU
	EndGlobalSection
	GlobalSection(ProjectConfigurationPlatforms) = postSolution
		{D2823246-38CC-4F98-A8E6-CD8D6586F6F6}.Debug|Any CPU.ActiveCfg = Debug|Any CPU
		{D2823246-38CC-4F98-A8E6-CD8D6586F6F6}.Debug|Any CPU.Build.0 = Debug|Any CPU
		{D2823246-38CC-4F98-A8E6-CD8D6586F6F6}.Release|Any CPU.ActiveCfg = Release|Any CPU
		{D2823246-38CC-4F98-A8E6-CD8D6586F6F6}.Release|Any CPU.Build.0 = Release|Any CPU
	EndGlobalSection
	GlobalSection(SolutionProperties) = preSolution
		HideSolutionNode = FALSE
	EndGlobalSection
	GlobalSection(ExtensibilityGlobals) = postSolution
		SolutionGuid = {208D4069-5DC2-407C-8DB5-C7DC0B43CC61}
	EndGlobalSection
EndGlobal
